
Microsoft Visual Studio Solution File, Format Version 12.00
# Visual Studio 15
VisualStudioVersion = 15.0.28307.421
MinimumVisualStudioVersion = 10.0.40219.1
Project("{FAE04EC0-301F-11D3-BF4B-00C04F79EFBC}") = "Model", "Model\Model.csproj", "{DFAEA8DF-3811-45D7-A121-DA6D9F73874A}"
EndProject
Project("{FAE04EC0-301F-11D3-BF4B-00C04F79EFBC}") = "Service", "Service\Service.csproj", "{45202CF0-C4A5-4A93-A099-9206CBDD2293}"
EndProject
Project("{FAE04EC0-301F-11D3-BF4B-00C04F79EFBC}") = "Repository", "Repository\Repository.csproj", "{BE74FC0B-A711-4C89-9923-2829A94DE823}"
EndProject
Global
	GlobalSection(SolutionConfigurationPlatforms) = preSolution
		Debug|Any CPU = Debug|Any CPU
		Release|Any CPU = Release|Any CPU
	EndGlobalSection
	GlobalSection(ProjectConfigurationPlatforms) = postSolution
		{DFAEA8DF-3811-45D7-A121-DA6D9F73874A}.Debug|Any CPU.ActiveCfg = Debug|Any CPU
		{DFAEA8DF-3811-45D7-A121-DA6D9F73874A}.Debug|Any CPU.Build.0 = Debug|Any CPU
		{DFAEA8DF-3811-45D7-A121-DA6D9F73874A}.Release|Any CPU.ActiveCfg = Release|Any CPU
		{DFAEA8DF-3811-45D7-A121-DA6D9F73874A}.Release|Any CPU.Build.0 = Release|Any CPU
		{45202CF0-C4A5-4A93-A099-9206CBDD2293}.Debug|Any CPU.ActiveCfg = Debug|Any CPU
		{45202CF0-C4A5-4A93-A099-9206CBDD2293}.Debug|Any CPU.Build.0 = Debug|Any CPU
		{45202CF0-C4A5-4A93-A099-9206CBDD2293}.Release|Any CPU.ActiveCfg = Release|Any CPU
		{45202CF0-C4A5-4A93-A099-9206CBDD2293}.Release|Any CPU.Build.0 = Release|Any CPU
		{BE74FC0B-A711-4C89-9923-2829A94DE823}.Debug|Any CPU.ActiveCfg = Debug|Any CPU
		{BE74FC0B-A711-4C89-9923-2829A94DE823}.Debug|Any CPU.Build.0 = Debug|Any CPU
		{BE74FC0B-A711-4C89-9923-2829A94DE823}.Release|Any CPU.ActiveCfg = Release|Any CPU
		{BE74FC0B-A711-4C89-9923-2829A94DE823}.Release|Any CPU.Build.0 = Release|Any CPU
	EndGlobalSection
	GlobalSection(SolutionProperties) = preSolution
		HideSolutionNode = FALSE
	EndGlobalSection
	GlobalSection(ExtensibilityGlobals) = postSolution
		SolutionGuid = {91C616B5-DC8F-44B1-977A-E8CD1F4D9C3F}
	EndGlobalSection
EndGlobal
